lockfileVersion: 5.4

specifiers:
  '@snickbit/node-cli': ^3.0.4
  '@snickbit/node-utilities': ^4.4.9
  '@snickbit/out': ^2.0.37
  esbuild: ^0.15.0
  eta: ^1.12.3
  shx: ^0.3.4
  typescript: ^4.7.4

dependencies:
  '@snickbit/node-cli': 3.0.4
  '@snickbit/node-utilities': 4.4.9
  '@snickbit/out': 2.0.37
  eta: 1.12.3

devDependencies:
  esbuild: 0.15.4
  shx: 0.3.4
  typescript: 4.7.4

packages:

  /@esbuild/linux-loong64/0.15.4:
    resolution: {integrity: sha512-6uFuTbBbdBk7lbW8lb5jaEqrCyiJa+wb+Sfcr0FJNGgWHnUY0RvXbkqQj/OaDEyu0vrMvfbD27fbyRySK0muUw==}
    engines: {node: '>=12'}
    cpu: [loong64]
    os: [linux]
    requiresBuild: true
    dev: true
    optional: true

  /@snickbit/ansi/0.0.10:
    resolution: {integrity: sha512-zBUIdLmINK16KQfFwr2ecyd30EmiLOmscb3Z2cdutZx39Mma4KDZFZc3IOq/kzrqL6tvSyo0HFA5KLwT6o0NjQ==}
    engines: {node: '>= 12'}
    dev: false

  /@snickbit/cycle/0.0.29:
    resolution: {integrity: sha512-hP/kU0+g9hRuvv1dtPEpq6qdtd0rxdLFLj/GZ6f8PqxqFTdxj4OeWtFn64Xlr1scsAQz9PYFCmf4hZ6tO+fGrw==}
    engines: {node: '>= 12'}
    dependencies:
      '@snickbit/utilities': 3.4.2
    dev: false

  /@snickbit/node-cli/3.0.4:
    resolution: {integrity: sha512-z9trPbhQCoqh38ptSvwx0U6yZF1RCx6RnnSwEnJs63lSaYv2yCfCXzt0fwkn6GSG0127za+7szU5M4wRLVKj+g==}
    engines: {node: '>= 12'}
    dependencies:
      '@snickbit/node-utilities': 4.4.9
      '@snickbit/out': 2.0.37
      '@snickbit/utilities': 3.2.1
      lilconfig: 2.0.6
      yargs-parser: 21.1.1
    dev: false

  /@snickbit/node-utilities/4.4.9:
    resolution: {integrity: sha512-FZPHi2JhujSIwGi113iHz2+0G9mEBR0m1H8y87kY9Sov3PdzCuBq8zBoy+i2cWjJzPHQj++MhLyCXmu2ArBOlg==}
    engines: {node: '>= 12'}
    dependencies:
      '@snickbit/out': 2.0.37
      '@snickbit/utilities': 3.4.2
      ansi-styles-template: 1.0.0
      cli-progress: 3.11.2
      is-wsl: 2.2.0
      lodash.throttle: 4.1.1
      nanospinner: 1.1.0
      prompts: 2.4.2
    dev: false

  /@snickbit/out/2.0.37:
    resolution: {integrity: sha512-fTVcE5QKVSNKMddUVqwXGsc5jx87L8sKm6ufA1z/02ygibz/pCGqmDI5lQZsv7qIFwm+9h0r3ydk59RCf7gw8Q==}
    engines: {node: '>= 12'}
    dependencies:
      '@snickbit/ansi': 0.0.10
      '@snickbit/cycle': 0.0.29
      '@snickbit/utilities': 3.2.1
      ansi-styles-template: 1.0.0
      browser-or-node: 2.0.0
      node-inspect-extracted: 1.1.0
      picomatch-browser: 2.2.6
    dev: false

  /@snickbit/plural/0.0.3:
    resolution: {integrity: sha512-t6I0o9EUlug3N8zpOrCECLVy02yd5BdGL/Z/0BS6cnhs8ryn7IxVl/ZBRD9aRwGbAsK7W76ZvfTjUGv8RHd+yQ==}
    engines: {node: '>= 12'}
    dev: false

  /@snickbit/plural/0.0.6:
    resolution: {integrity: sha512-Bmxmhi984QgV+Yo5T4uMuKGmfgkkv7BpFkfo0p1di/4ZZt379vDTOLCPf3+HZec12pabMFUCHcq8vyxjUCxcDA==}
    engines: {node: '>= 12'}
    dev: false

  /@snickbit/utilities/3.2.1:
    resolution: {integrity: sha512-hMZm1RzgyJsxsn+alcoeYg2c6RifIfnZBhenr4s3Qy+f++wMyM7R4NZefzmwfh+qG2lQKlEzkuQqsCw/ezyXxQ==}
    engines: {node: '>= 12'}
    dependencies:
      '@snickbit/plural': 0.0.3
      just-camel-case: 6.1.1
      nanoid: 3.3.4
    dev: false

  /@snickbit/utilities/3.4.2:
    resolution: {integrity: sha512-juE9uuScBQc11By89w7pf/VvRPQuU012ucMTPBeTTs18RzDXz2gEBAQIAnkoN1SNRN+LQUIp0hLGz9hxZB1ElQ==}
    engines: {node: '>= 12'}
    dependencies:
      '@snickbit/plural': 0.0.6
      just-camel-case: 6.1.1
      nanoid: 3.3.4
    dev: false

  /ansi-regex/5.0.1:
    resolution: {integrity: sha512-quJQXlTSUGL2LH9SUXo8VwsY4soanhgo6LNSm84E1LBcE8s3O0wpdiRzyR9z/ZZJMlMWv37qOOb9pdJlMUEKFQ==}
    engines: {node: '>=8'}
    dev: false

  /ansi-styles-template/1.0.0:
    resolution: {integrity: sha512-E9PxzqVKWJ6DvSWPcFgA9o4M6P5FJ1iQ7FVJ7IkFSqjb7yTqkjLVEYDjJUbbg+LmGXPzpkBPMBkkZViOShq30g==}
    engines: {node: '>=6', npm: '>=3'}
    dependencies:
      ansi-styles: 3.2.1
    dev: false

  /ansi-styles/3.2.1:
    resolution: {integrity: sha512-VT0ZI6kZRdTh8YyJw3SMbYm/u+NqfsAxEpWO0Pf9sq8/e94WxxOpPKx9FR1FlyCtOVDNOQ+8ntlqFxiRc+r5qA==}
    engines: {node: '>=4'}
    dependencies:
      color-convert: 1.9.3
    dev: false

  /balanced-match/1.0.2:
    resolution: {integrity: sha512-3oSeUO0TMV67hN1AmbXsK4yaqU7tjiHlbxRDZOpH0KW9+CeX4bRAaX0Anxt0tx2MrpRpWwQaPwIlISEJhYU5Pw==}
    dev: true

  /brace-expansion/1.1.11:
    resolution: {integrity: sha512-iCuPHDFgrHX7H2vEI/5xpz07zSHB00TpugqhmYtVmMO6518mCuRMoOYFldEBl0g187ufozdaHgWKcYFb61qGiA==}
    dependencies:
      balanced-match: 1.0.2
      concat-map: 0.0.1
    dev: true

  /browser-or-node/2.0.0:
    resolution: {integrity: sha512-3Lrks/Okgof+/cRguUNG+qRXSeq79SO3hY4QrXJayJofwJwHiGC0qi99uDjsfTwULUFSr1OGVsBkdIkygKjTUA==}
    dev: false

  /cli-progress/3.11.2:
    resolution: {integrity: sha512-lCPoS6ncgX4+rJu5bS3F/iCz17kZ9MPZ6dpuTtI0KXKABkhyXIdYB3Inby1OpaGti3YlI3EeEkM9AuWpelJrVA==}
    engines: {node: '>=4'}
    dependencies:
      string-width: 4.2.3
    dev: false

  /color-convert/1.9.3:
    resolution: {integrity: sha512-QfAUtd+vFdAtFQcC8CCyYt1fYWxSqAiK2cSD6zDB8N3cpsEBAvRxp9zOGg6G/SHHJYAT88/az/IuDGALsNVbGg==}
    dependencies:
      color-name: 1.1.3
    dev: false

  /color-name/1.1.3:
    resolution: {integrity: sha512-72fSenhMw2HZMTVHeCA9KCmpEIbzWiQsjN+BHcBbS9vr1mtt+vJjPdksIBNUmKAW8TFUDPJK5SUU3QhE9NEXDw==}
    dev: false

  /concat-map/0.0.1:
    resolution: {integrity: sha512-/Srv4dswyQNBfohGpz9o6Yb3Gz3SrUDqBH5rTuhGR7ahtlbYKnVxw2bCFMRljaA7EXHaXZ8wsHdodFvbkhKmqg==}
    dev: true

  /emoji-regex/8.0.0:
    resolution: {integrity: sha512-MSjYzcWNOA0ewAHpz0MxpYFvwg6yjy1NG3xteoqz644VCo/RPgnr1/GGt+ic3iJTzQ8Eu3TdM14SawnVUmGE6A==}
    dev: false

  /esbuild-android-64/0.15.4:
    resolution: {integrity: sha512-Phl8srrfwgWC/aZsR2HK5FVMK9XY9T8Qi2lO76/N7OpxODnlF4PUx43gm+CdseAvY8Y58BEUXYdiajA4oP3WEg==}
    engines: {node: '>=12'}
    cpu: [x64]
    os: [android]
    requiresBuild: true
    dev: true
    optional: true

  /esbuild-android-arm64/0.15.4:
    resolution: {integrity: sha512-2VHCcYm0prP5qFV4fSZwml6/fCk2vqLlJtkt0V9VB2LVSckaa5Fmk4iP4Yo7N+U6GpkG0VBi1D3j+WRbh7NNTA==}
    engines: {node: '>=12'}
    cpu: [arm64]
    os: [android]
    requiresBuild: true
    dev: true
    optional: true

  /esbuild-darwin-64/0.15.4:
    resolution: {integrity: sha512-UpGsrCmNFdFRzDdorWoU5Sqi1BiKBQw2pC+3y0Fzue5xffWHuDuXrCK3EfNEVLlipRcopgINtmSop068y5sR8w==}
    engines: {node: '>=12'}
    cpu: [x64]
    os: [darwin]
    requiresBuild: true
    dev: true
    optional: true

  /esbuild-darwin-arm64/0.15.4:
    resolution: {integrity: sha512-pTPxb/Hhpj7GYA5eFL1AMw14qtpglR0nioKW6GTkkFuW/RJimk4w10oSIAU/XhiRz4CHtRwBXqkuoBlrwzjlWQ==}
    engines: {node: '>=12'}
    cpu: [arm64]
    os: [darwin]
    requiresBuild: true
    dev: true
    optional: true

  /esbuild-freebsd-64/0.15.4:
    resolution: {integrity: sha512-sLdEx/zsdHwmYRwggluSVvJt51yDXRDsCSjDj/nqi9vZXyPn1YPRSz+G+c7eBgVp/bttsi3pCQTpmUN9+iIvGg==}
    engines: {node: '>=12'}
    cpu: [x64]
    os: [freebsd]
    requiresBuild: true
    dev: true
    optional: true

  /esbuild-freebsd-arm64/0.15.4:
    resolution: {integrity: sha512-M0FPT9UUvNsqLbZxmxqhOA0jYzaCUIklXsV6wc+WCKnyZnKf7PisugPp6OwkbRnQs7uHbOopMABgBGq3dio/Yw==}
    engines: {node: '>=12'}
    cpu: [arm64]
    os: [freebsd]
    requiresBuild: true
    dev: true
    optional: true

  /esbuild-linux-32/0.15.4:
    resolution: {integrity: sha512-LbkSPE9I3JqY8/2Nt5Hv8C7f4YgcVLXkWZtg2eL26SP647UfN00AnZIGZTvMnPoAyUuD3XAF870iIugyfeNwtA==}
    engines: {node: '>=12'}
    cpu: [ia32]
    os: [linux]
    requiresBuild: true
    dev: true
    optional: true

  /esbuild-linux-64/0.15.4:
    resolution: {integrity: sha512-v1dRx4MKPUgKbA5FNT+rYz/E+t9TSP/qCCC12m2Iv4SWCzCpTw4mBdoRLC6jgjuRWy2OZ+2MTYHLSEODMBFTEg==}
    engines: {node: '>=12'}
    cpu: [x64]
    os: [linux]
    requiresBuild: true
    dev: true
    optional: true

  /esbuild-linux-arm/0.15.4:
    resolution: {integrity: sha512-+lF+uk/knaZHRIWS50s/JEutmt7GWNly2IbfyEUEFHV+3fnnOz2UzRDLXFW7y6+3R04zrTncypNeK7w1V+Q/2A==}
    engines: {node: '>=12'}
    cpu: [arm]
    os: [linux]
    requiresBuild: true
    dev: true
    optional: true

  /esbuild-linux-arm64/0.15.4:
    resolution: {integrity: sha512-rhqtX2q/W4q0OevlQcZ4XAbtFfgbZjSynSKIKgtXAtRVQaG57YFiT5O1UVy2aD32g1gsAIbRBLlAg+jFBEkkbg==}
    engines: {node: '>=12'}
    cpu: [arm64]
    os: [linux]
    requiresBuild: true
    dev: true
    optional: true

  /esbuild-linux-mips64le/0.15.4:
    resolution: {integrity: sha512-tygMDy0+Rf3D7mhQGXjyCFDj2+WJREvXASnwwmAiflUYZTTexXybZLqzSArob5p+ulaRKr8ZUE/edBNDStKoqw==}
    engines: {node: '>=12'}
    cpu: [mips64el]
    os: [linux]
    requiresBuild: true
    dev: true
    optional: true

  /esbuild-linux-ppc64le/0.15.4:
    resolution: {integrity: sha512-CcAJjc6gKvML7n76aUQJEvz3hDMm1tnb9ZirInTjETJ0XGrw/JaZzKTnsa3NBlEtO/hZnN+xSHif8IqUCJcY0w==}
    engines: {node: '>=12'}
    cpu: [ppc64]
    os: [linux]
    requiresBuild: true
    dev: true
    optional: true

  /esbuild-linux-riscv64/0.15.4:
    resolution: {integrity: sha512-GSbnazL7/1ngcoZ7I8jklnO01DXukAM1vQnTZnraqzsP+SwfpkuZBp+qU856wYJZZauNAC0Y0hZrgeiVJt0nRw==}
    engines: {node: '>=12'}
    cpu: [riscv64]
    os: [linux]
    requiresBuild: true
    dev: true
    optional: true

  /esbuild-linux-s390x/0.15.4:
    resolution: {integrity: sha512-TRRuxc7qgYcYUae8EH6RgKkrsQ2AITDrt4FOLqvrYm32/63a/9Q17Gfu9hZFI5uEOqgd1l0rlWXJdJYm4S9Yug==}
    engines: {node: '>=12'}
    cpu: [s390x]
    os: [linux]
    requiresBuild: true
    dev: true
    optional: true

  /esbuild-netbsd-64/0.15.4:
    resolution: {integrity: sha512-bOZ4E9nnmCpR8kekPe5fFZ0/vsZWWFUcNOrIu1gw2Yli74ALxkdijFT2m9JnfHQJCreFXUsNlYrzO2vD/ZTfKQ==}
    engines: {node: '>=12'}
    cpu: [x64]
    os: [netbsd]
    requiresBuild: true
    dev: true
    optional: true

  /esbuild-openbsd-64/0.15.4:
    resolution: {integrity: sha512-BvhLa8uHcVzdO492LGMfX9DjgZhhdjOSNSr6FizzpAwiQWE50RDoJ3G4VC6uQ1dULx/w+NtqeZP6hXOiahxrMw==}
    engines: {node: '>=12'}
    cpu: [x64]
    os: [openbsd]
    requiresBuild: true
    dev: true
    optional: true

  /esbuild-sunos-64/0.15.4:
    resolution: {integrity: sha512-OnUVLjAmZK66gatr9Ft9zY1Xb+wzrJrhwiuW6VlAOGZg1uFC20JziySGzQ3t5VtmIiMbbV8SUgxsMz2jJ/gI5Q==}
    engines: {node: '>=12'}
    cpu: [x64]
    os: [sunos]
    requiresBuild: true
    dev: true
    optional: true

  /esbuild-windows-32/0.15.4:
    resolution: {integrity: sha512-W8OLh+RoQfXKCyU5tMiRSVm68JWv1bNA90zXr8lSvaICqfjYV+YOsVWSI+HvU8gfYaePQNlhKrSIpf/t3qtFbA==}
    engines: {node: '>=12'}
    cpu: [ia32]
    os: [win32]
    requiresBuild: true
    dev: true
    optional: true

  /esbuild-windows-64/0.15.4:
    resolution: {integrity: sha512-3//ZfrtStFrQzQyCU1gmdpFCa3aC9WJ2NPNu1D1faw1Op8coUdMOTzyKfy7eycPdmsALUAvla0PhgAvlvy0k5Q==}
    engines: {node: '>=12'}
    cpu: [x64]
    os: [win32]
    requiresBuild: true
    dev: true
    optional: true

  /esbuild-windows-arm64/0.15.4:
    resolution: {integrity: sha512-OOb9RI0wlweBoHB1nrB/93h6Fnz6u89OzPe8zh6sp8+yNUzB15/eUmdZwLNjCrY9kJUWZ3JnRcLXxJeqot4W+w==}
    engines: {node: '>=12'}
    cpu: [arm64]
    os: [win32]
    requiresBuild: true
    dev: true
    optional: true

  /esbuild/0.15.4:
    resolution: {integrity: sha512-wSQJWQXCuQhRnRQQUNZpj8oyYJTvjFCuYzAOt07SWX9hLaA+idr3BWTTj8S2k7Fldhbkfpb4DYJTO3RWRhxKbA==}
    engines: {node: '>=12'}
    hasBin: true
    requiresBuild: true
    optionalDependencies:
      '@esbuild/linux-loong64': 0.15.4
      esbuild-android-64: 0.15.4
      esbuild-android-arm64: 0.15.4
      esbuild-darwin-64: 0.15.4
      esbuild-darwin-arm64: 0.15.4
      esbuild-freebsd-64: 0.15.4
      esbuild-freebsd-arm64: 0.15.4
      esbuild-linux-32: 0.15.4
      esbuild-linux-64: 0.15.4
      esbuild-linux-arm: 0.15.4
      esbuild-linux-arm64: 0.15.4
      esbuild-linux-mips64le: 0.15.4
      esbuild-linux-ppc64le: 0.15.4
      esbuild-linux-riscv64: 0.15.4
      esbuild-linux-s390x: 0.15.4
      esbuild-netbsd-64: 0.15.4
      esbuild-openbsd-64: 0.15.4
      esbuild-sunos-64: 0.15.4
      esbuild-windows-32: 0.15.4
      esbuild-windows-64: 0.15.4
      esbuild-windows-arm64: 0.15.4
    dev: true

  /eta/1.12.3:
    resolution: {integrity: sha512-qHixwbDLtekO/d51Yr4glcaUJCIjGVJyTzuqV4GPlgZo1YpgOKG+avQynErZIYrfM6JIJdtiG2Kox8tbb+DoGg==}
    engines: {node: '>=6.0.0'}
    dev: false

  /fs.realpath/1.0.0:
    resolution: {integrity: sha512-OO0pH2lK6a0hZnAdau5ItzHPI6pUlvI7jMVnxUQRtw4owF2wk8lOSabtGDCTP4Ggrg2MbGnWO9X8K1t4+fGMDw==}
    dev: true

  /function-bind/1.1.1:
    resolution: {integrity: sha512-yIovAzMX49sF8Yl58fSCWJ5svSLuaibPxXQJFLmBObTuCr0Mf1KiPopGM9NiFjiYBCbfaa2Fh6breQ6ANVTI0A==}
    dev: true

  /glob/7.2.3:
    resolution: {integrity: sha512-nFR0zLpU2YCaRxwoCJvL6UvCH2JFyFVIvwTLsIf21AuHlMskA1hhTdk+LlYJtOlYt9v6dvszD2BGRqBL+iQK9Q==}
    dependencies:
      fs.realpath: 1.0.0
      inflight: 1.0.6
      inherits: 2.0.4
      minimatch: 3.1.2
      once: 1.4.0
      path-is-absolute: 1.0.1
    dev: true

  /has/1.0.3:
    resolution: {integrity: sha512-f2dvO0VU6Oej7RkWJGrehjbzMAjFp5/VKPp5tTpWIV4JHHZK1/BxbFRtf/siA2SWTe09caDmVtYYzWEIbBS4zw==}
    engines: {node: '>= 0.4.0'}
    dependencies:
      function-bind: 1.1.1
    dev: true

  /inflight/1.0.6:
    resolution: {integrity: sha512-k92I/b08q4wvFscXCLvqfsHCrjrF7yiXsQuIVvVE7N82W3+aqpzuUdBbfhWcy/FZR3/4IgflMgKLOsvPDrGCJA==}
    dependencies:
      once: 1.4.0
      wrappy: 1.0.2
    dev: true

  /inherits/2.0.4:
    resolution: {integrity: sha512-k/vGaX4/Yla3WzyMCvTQOXYeIHvqOKtnqBduzTHpzpQZzAskKMhZ2K+EnBiSM9zGSoIFeMpXKxa4dYeZIQqewQ==}
    dev: true

  /interpret/1.4.0:
    resolution: {integrity: sha512-agE4QfB2Lkp9uICn7BAqoscw4SZP9kTE2hxiFI3jBPmXJfdqiahTbUuKGsMoN2GtqL9AxhYioAcVvgsb1HvRbA==}
    engines: {node: '>= 0.10'}
    dev: true

  /is-core-module/2.10.0:
    resolution: {integrity: sha512-Erxj2n/LDAZ7H8WNJXd9tw38GYM3dv8rk8Zcs+jJuxYTW7sozH+SS8NtrSjVL1/vpLvWi1hxy96IzjJ3EHTJJg==}
    dependencies:
      has: 1.0.3
    dev: true

  /is-docker/2.2.1:
    resolution: {integrity: sha512-F+i2BKsFrH66iaUFc0woD8sLy8getkwTwtOBjvs56Cx4CgJDeKQeqfz8wAYiSb8JOprWhHH5p77PbmYCvvUuXQ==}
    engines: {node: '>=8'}
    hasBin: true
    dev: false

  /is-fullwidth-code-point/3.0.0:
    resolution: {integrity: sha512-zymm5+u+sCsSWyD9qNaejV3DFvhCKclKdizYaJUuHA83RLjb7nSuGnddCHGv0hk+KY7BMAlsWeK4Ueg6EV6XQg==}
    engines: {node: '>=8'}
    dev: false

  /is-wsl/2.2.0:
    resolution: {integrity: sha512-fKzAra0rGJUUBwGBgNkHZuToZcn+TtXHpeCgmkMJMMYx1sQDYaCSyjJBSCa2nH1DGm7s3n1oBnohoVTBaN7Lww==}
    engines: {node: '>=8'}
    dependencies:
      is-docker: 2.2.1
    dev: false

  /just-camel-case/6.1.1:
    resolution: {integrity: sha512-tDZNyw8wBZM9vdUfAtG9HmKonj5NzP1pKN52IabSNbMR/SXNf67FAW1QAdx2dC1ZSxubQyr/1fiYVpr5ebN8lQ==}
    dev: false

  /kleur/3.0.3:
    resolution: {integrity: sha512-eTIzlVOSUR+JxdDFepEYcBMtZ9Qqdef+rnzWdRZuMbOywu5tO2w2N7rqjoANZ5k9vywhL6Br1VRjUIgTQx4E8w==}
    engines: {node: '>=6'}
    dev: false

  /lilconfig/2.0.6:
    resolution: {integrity: sha512-9JROoBW7pobfsx+Sq2JsASvCo6Pfo6WWoUW79HuB1BCoBXD4PLWJPqDF6fNj67pqBYTbAHkE57M1kS/+L1neOg==}
    engines: {node: '>=10'}
    dev: false

  /lodash.throttle/4.1.1:
    resolution: {integrity: sha512-wIkUCfVKpVsWo3JSZlc+8MB5it+2AN5W8J7YVMST30UrvcQNZ1Okbj+rbVniijTWE6FGYy4XJq/rHkas8qJMLQ==}
    dev: false

  /minimatch/3.1.2:
    resolution: {integrity: sha512-J7p63hRiAjw1NDEww1W7i37+ByIrOWO5XQQAzZ3VOcL0PNybwpfmV/N05zFAzwQ9USyEcX6t3UO+K5aqBQOIHw==}
    dependencies:
      brace-expansion: 1.1.11
    dev: true

  /minimist/1.2.6:
    resolution: {integrity: sha512-Jsjnk4bw3YJqYzbdyBiNsPWHPfO++UGG749Cxs6peCu5Xg4nrena6OVxOYxrQTqww0Jmwt+Ref8rggumkTLz9Q==}
    dev: true

  /nanoid/3.3.4:
    resolution: {integrity: sha512-MqBkQh/OHTS2egovRtLk45wEyNXwF+cokD+1YPf9u5VfJiRdAiRwB2froX5Co9Rh20xs4siNPm8naNotSD6RBw==}
    engines: {node: ^10 || ^12 || ^13.7 || ^14 || >=15.0.1}
    hasBin: true
    dev: false

  /nanospinner/1.1.0:
    resolution: {integrity: sha512-yFvNYMig4AthKYfHFl1sLj7B2nkHL4lzdig4osvl9/LdGbXwrdFRoqBS98gsEsOakr0yH+r5NZ/1Y9gdVB8trA==}
    dependencies:
      picocolors: 1.0.0
    dev: false

  /node-inspect-extracted/1.1.0:
    resolution: {integrity: sha512-GtmPYJiHqmkt4sd7oYqUIzFepBDY6aotmD7nuF9QV9lolH+Sru5FZCholI5QuuyM+NvgAq/BaQB6OgXv+ZT8lA==}
    engines: {node: '>=10.18.0'}
    dev: false

  /once/1.4.0:
    resolution: {integrity: sha512-lNaJgI+2Q5URQBkccEKHTQOPaXdUxnZZElQTZY0MFUAuaEqe1E+Nyvgdz/aIyNi6Z9MzO5dv1H8n58/GELp3+w==}
    dependencies:
      wrappy: 1.0.2
    dev: true

  /path-is-absolute/1.0.1:
    resolution: {integrity: sha512-AVbw3UJ2e9bq64vSaS9Am0fje1Pa8pbGqTTsmXfaIiMpnr5DlDhfJOuLj9Sf95ZPVDAUerDfEk88MPmPe7UCQg==}
    engines: {node: '>=0.10.0'}
    dev: true

  /path-parse/1.0.7:
    resolution: {integrity: sha512-LDJzPVEEEPR+y48z93A0Ed0yXb8pAByGWo/k5YYdYgpY2/2EsOsksJrq7lOHxryrVOn1ejG6oAp8ahvOIQD8sw==}
    dev: true

  /picocolors/1.0.0:
    resolution: {integrity: sha512-1fygroTLlHu66zi26VoTDv8yRgm0Fccecssto+MhsZ0D/DGW2sm8E8AjW7NU5VVTRt5GxbeZ5qBuJr+HyLYkjQ==}
    dev: false

  /picomatch-browser/2.2.6:
    resolution: {integrity: sha512-0ypsOQt9D4e3hziV8O4elD9uN0z/jtUEfxVRtNaAAtXIyUx9m/SzlO020i8YNL2aL/E6blOvvHQcin6HZlFy/w==}
    engines: {node: '>=8.6'}
    dev: false

  /prompts/2.4.2:
    resolution: {integrity: sha512-NxNv/kLguCA7p3jE8oL2aEBsrJWgAakBpgmgK6lpPWV+WuOmY6r2/zbAVnP+T8bQlA0nzHXSJSJW0Hq7ylaD2Q==}
    engines: {node: '>= 6'}
    dependencies:
      kleur: 3.0.3
      sisteransi: 1.0.5
    dev: false

  /rechoir/0.6.2:
    resolution: {integrity: sha512-HFM8rkZ+i3zrV+4LQjwQ0W+ez98pApMGM3HUrN04j3CqzPOzl9nmP15Y8YXNm8QHGv/eacOVEjqhmWpkRV0NAw==}
    engines: {node: '>= 0.10'}
    dependencies:
      resolve: 1.22.1
    dev: true

  /resolve/1.22.1:
    resolution: {integrity: sha512-nBpuuYuY5jFsli/JIs1oldw6fOQCBioohqWZg/2hiaOybXOft4lonv85uDOKXdf8rhyK159cxU5cDcK/NKk8zw==}
    hasBin: true
    dependencies:
      is-core-module: 2.10.0
      path-parse: 1.0.7
      supports-preserve-symlinks-flag: 1.0.0
    dev: true

  /shelljs/0.8.5:
    resolution: {integrity: sha512-TiwcRcrkhHvbrZbnRcFYMLl30Dfov3HKqzp5tO5b4pt6G/SezKcYhmDg15zXVBswHmctSAQKznqNW2LO5tTDow==}
    engines: {node: '>=4'}
    hasBin: true
    dependencies:
      glob: 7.2.3
      interpret: 1.4.0
      rechoir: 0.6.2
    dev: true

  /shx/0.3.4:
    resolution: {integrity: sha512-N6A9MLVqjxZYcVn8hLmtneQWIJtp8IKzMP4eMnx+nqkvXoqinUPCbUFLp2UcWTEIUONhlk0ewxr/jaVGlc+J+g==}
    engines: {node: '>=6'}
    hasBin: true
    dependencies:
      minimist: 1.2.6
      shelljs: 0.8.5
    dev: true

  /sisteransi/1.0.5:
    resolution: {integrity: sha512-bLGGlR1QxBcynn2d5YmDX4MGjlZvy2MRBDRNHLJ8VI6l6+9FUiyTFNJ0IveOSP0bcXgVDPRcfGqA0pjaqUpfVg==}
    dev: false

  /string-width/4.2.3:
    resolution: {integrity: sha512-wKyQRQpjJ0sIp62ErSZdGsjMJWsap5oRNihHhu6G7JVO/9jIB6UyevL+tXuOqrng8j/cxKTWyWUwvSTriiZz/g==}
    engines: {node: '>=8'}
    dependencies:
      emoji-regex: 8.0.0
      is-fullwidth-code-point: 3.0.0
      strip-ansi: 6.0.1
    dev: false

  /strip-ansi/6.0.1:
    resolution: {integrity: sha512-Y38VPSHcqkFrCpFnQ9vuSXmquuv5oXOKpGeT6aGrr3o3Gc9AlVa6JBfUSOCnbxGGZF+/0ooI7KrPuUSztUdU5A==}
    engines: {node: '>=8'}
    dependencies:
      ansi-regex: 5.0.1
    dev: false

  /supports-preserve-symlinks-flag/1.0.0:
    resolution: {integrity: sha512-ot0WnXS9fgdkgIcePe6RHNk1WA8+muPa6cSjeR3V8K27q9BB1rTE3R1p7Hv0z1ZyAc8s6Vvv8DIyWf681MAt0w==}
    engines: {node: '>= 0.4'}
    dev: true

  /typescript/4.7.4:
    resolution: {integrity: sha512-C0WQT0gezHuw6AdY1M2jxUO83Rjf0HP7Sk1DtXj6j1EwkQNZrHAg2XPWlq62oqEhYvONq5pkC2Y9oPljWToLmQ==}
    engines: {node: '>=4.2.0'}
    hasBin: true
    dev: true

  /wrappy/1.0.2:
    resolution: {integrity: sha512-l4Sp/DRseor9wL6EvV2+TuQn63dMkPjZ/sp9XkghTEbV9KlPS1xUsZ3u7/IQO4wxtcFB4bgpQPRcR3QCvezPcQ==}
    dev: true

  /yargs-parser/21.1.1:
    resolution: {integrity: sha512-tVpsJW7DdjecAiFpbIB1e3qxIQsE6NoPc5/eTdrbbIC4h0LVsWhnoa3g+m2HclBIujHzsxZ4VJVA+GUuc2/LBw==}
    engines: {node: '>=12'}
    dev: false
